// !$*UTF8*$!
{
	archiveVersion = 1;
	classes = {
	};
	objectVersion = 50;
	objects = {

/* Begin PBXBuildFile section */
		DA180D912194FC9300D2470D /* main.swift in Sources */ = {isa = PBXBuildFile; fileRef = DA180D902194FC9300D2470D /* main.swift */; };
		DA180D982194FCE400D2470D /* auth.swift in Sources */ = {isa = PBXBuildFile; fileRef = DA180D972194FCE400D2470D /* auth.swift */; };
		DA180D9A2194FCF400D2470D /* utils.swift in Sources */ = {isa = PBXBuildFile; fileRef = DA180D992194FCF400D2470D /* utils.swift */; };
		DA180D9C2194FE9600D2470D /* day6.swift in Sources */ = {isa = PBXBuildFile; fileRef = DA180D9B2194FE9600D2470D /* day6.swift */; };
		DA241C5C21B9B4AD00417C5A /* day5.swift in Sources */ = {isa = PBXBuildFile; fileRef = DA241C5B21B9B4AD00417C5A /* day5.swift */; };
		DA241C5D21B9B4AD00417C5A /* day5.swift in Sources */ = {isa = PBXBuildFile; fileRef = DA241C5B21B9B4AD00417C5A /* day5.swift */; };
		DA241C7521B9B6BA00417C5A /* day13.swift in Sources */ = {isa = PBXBuildFile; fileRef = DA241C5E21B9B6B900417C5A /* day13.swift */; };
		DA241C7621B9B6BA00417C5A /* day13.swift in Sources */ = {isa = PBXBuildFile; fileRef = DA241C5E21B9B6B900417C5A /* day13.swift */; };
		DA241C7721B9B6BA00417C5A /* day19.swift in Sources */ = {isa = PBXBuildFile; fileRef = DA241C5F21B9B6B900417C5A /* day19.swift */; };
		DA241C7821B9B6BA00417C5A /* day19.swift in Sources */ = {isa = PBXBuildFile; fileRef = DA241C5F21B9B6B900417C5A /* day19.swift */; };
		DA241C7921B9B6BA00417C5A /* day18.swift in Sources */ = {isa = PBXBuildFile; fileRef = DA241C6021B9B6B900417C5A /* day18.swift */; };
		DA241C7A21B9B6BA00417C5A /* day18.swift in Sources */ = {isa = PBXBuildFile; fileRef = DA241C6021B9B6B900417C5A /* day18.swift */; };
		DA241C7B21B9B6BA00417C5A /* day21.swift in Sources */ = {isa = PBXBuildFile; fileRef = DA241C6121B9B6B900417C5A /* day21.swift */; };
		DA241C7C21B9B6BA00417C5A /* day21.swift in Sources */ = {isa = PBXBuildFile; fileRef = DA241C6121B9B6B900417C5A /* day21.swift */; };
		DA241C7D21B9B6BA00417C5A /* day14.swift in Sources */ = {isa = PBXBuildFile; fileRef = DA241C6221B9B6B900417C5A /* day14.swift */; };
		DA241C7E21B9B6BA00417C5A /* day14.swift in Sources */ = {isa = PBXBuildFile; fileRef = DA241C6221B9B6B900417C5A /* day14.swift */; };
		DA241C7F21B9B6BA00417C5A /* day3.swift in Sources */ = {isa = PBXBuildFile; fileRef = DA241C6321B9B6B900417C5A /* day3.swift */; };
		DA241C8021B9B6BA00417C5A /* day3.swift in Sources */ = {isa = PBXBuildFile; fileRef = DA241C6321B9B6B900417C5A /* day3.swift */; };
		DA241C8121B9B6BA00417C5A /* day23.swift in Sources */ = {isa = PBXBuildFile; fileRef = DA241C6421B9B6B900417C5A /* day23.swift */; };
		DA241C8221B9B6BA00417C5A /* day23.swift in Sources */ = {isa = PBXBuildFile; fileRef = DA241C6421B9B6B900417C5A /* day23.swift */; };
		DA241C8321B9B6BA00417C5A /* day7.swift in Sources */ = {isa = PBXBuildFile; fileRef = DA241C6521B9B6B900417C5A /* day7.swift */; };
		DA241C8421B9B6BA00417C5A /* day7.swift in Sources */ = {isa = PBXBuildFile; fileRef = DA241C6521B9B6B900417C5A /* day7.swift */; };
		DA241C8521B9B6BA00417C5A /* day24.swift in Sources */ = {isa = PBXBuildFile; fileRef = DA241C6621B9B6B900417C5A /* day24.swift */; };
		DA241C8621B9B6BA00417C5A /* day24.swift in Sources */ = {isa = PBXBuildFile; fileRef = DA241C6621B9B6B900417C5A /* day24.swift */; };
		DA241C8721B9B6BA00417C5A /* day15.swift in Sources */ = {isa = PBXBuildFile; fileRef = DA241C6721B9B6B900417C5A /* day15.swift */; };
		DA241C8821B9B6BA00417C5A /* day15.swift in Sources */ = {isa = PBXBuildFile; fileRef = DA241C6721B9B6B900417C5A /* day15.swift */; };
		DA241C8921B9B6BA00417C5A /* day8.swift in Sources */ = {isa = PBXBuildFile; fileRef = DA241C6821B9B6BA00417C5A /* day8.swift */; };
		DA241C8A21B9B6BA00417C5A /* day8.swift in Sources */ = {isa = PBXBuildFile; fileRef = DA241C6821B9B6BA00417C5A /* day8.swift */; };
		DA241C8B21B9B6BA00417C5A /* day11.swift in Sources */ = {isa = PBXBuildFile; fileRef = DA241C6921B9B6BA00417C5A /* day11.swift */; };
		DA241C8C21B9B6BA00417C5A /* day11.swift in Sources */ = {isa = PBXBuildFile; fileRef = DA241C6921B9B6BA00417C5A /* day11.swift */; };
		DA241C8D21B9B6BA00417C5A /* day1.swift in Sources */ = {isa = PBXBuildFile; fileRef = DA241C6A21B9B6BA00417C5A /* day1.swift */; };
		DA241C8E21B9B6BA00417C5A /* day1.swift in Sources */ = {isa = PBXBuildFile; fileRef = DA241C6A21B9B6BA00417C5A /* day1.swift */; };
		DA241C8F21B9B6BA00417C5A /* day4.swift in Sources */ = {isa = PBXBuildFile; fileRef = DA241C6B21B9B6BA00417C5A /* day4.swift */; };
		DA241C9021B9B6BA00417C5A /* day4.swift in Sources */ = {isa = PBXBuildFile; fileRef = DA241C6B21B9B6BA00417C5A /* day4.swift */; };
		DA241C9121B9B6BA00417C5A /* day9.swift in Sources */ = {isa = PBXBuildFile; fileRef = DA241C6C21B9B6BA00417C5A /* day9.swift */; };
		DA241C9221B9B6BA00417C5A /* day9.swift in Sources */ = {isa = PBXBuildFile; fileRef = DA241C6C21B9B6BA00417C5A /* day9.swift */; };
		DA241C9321B9B6BA00417C5A /* day17.swift in Sources */ = {isa = PBXBuildFile; fileRef = DA241C6D21B9B6BA00417C5A /* day17.swift */; };
		DA241C9421B9B6BA00417C5A /* day17.swift in Sources */ = {isa = PBXBuildFile; fileRef = DA241C6D21B9B6BA00417C5A /* day17.swift */; };
		DA241C9521B9B6BA00417C5A /* day20.swift in Sources */ = {isa = PBXBuildFile; fileRef = DA241C6E21B9B6BA00417C5A /* day20.swift */; };
		DA241C9621B9B6BA00417C5A /* day20.swift in Sources */ = {isa = PBXBuildFile; fileRef = DA241C6E21B9B6BA00417C5A /* day20.swift */; };
		DA241C9721B9B6BA00417C5A /* day22.swift in Sources */ = {isa = PBXBuildFile; fileRef = DA241C6F21B9B6BA00417C5A /* day22.swift */; };
		DA241C9821B9B6BA00417C5A /* day22.swift in Sources */ = {isa = PBXBuildFile; fileRef = DA241C6F21B9B6BA00417C5A /* day22.swift */; };
		DA241C9921B9B6BA00417C5A /* day12.swift in Sources */ = {isa = PBXBuildFile; fileRef = DA241C7021B9B6BA00417C5A /* day12.swift */; };
		DA241C9A21B9B6BA00417C5A /* day12.swift in Sources */ = {isa = PBXBuildFile; fileRef = DA241C7021B9B6BA00417C5A /* day12.swift */; };
		DA241C9B21B9B6BA00417C5A /* day10.swift in Sources */ = {isa = PBXBuildFile; fileRef = DA241C7121B9B6BA00417C5A /* day10.swift */; };
		DA241C9C21B9B6BA00417C5A /* day10.swift in Sources */ = {isa = PBXBuildFile; fileRef = DA241C7121B9B6BA00417C5A /* day10.swift */; };
		DA241C9D21B9B6BA00417C5A /* day25.swift in Sources */ = {isa = PBXBuildFile; fileRef = DA241C7221B9B6BA00417C5A /* day25.swift */; };
		DA241C9E21B9B6BA00417C5A /* day25.swift in Sources */ = {isa = PBXBuildFile; fileRef = DA241C7221B9B6BA00417C5A /* day25.swift */; };
		DA241C9F21B9B6BA00417C5A /* day2.swift in Sources */ = {isa = PBXBuildFile; fileRef = DA241C7321B9B6BA00417C5A /* day2.swift */; };
		DA241CA021B9B6BA00417C5A /* day2.swift in Sources */ = {isa = PBXBuildFile; fileRef = DA241C7321B9B6BA00417C5A /* day2.swift */; };
		DA241CA121B9B6BA00417C5A /* day16.swift in Sources */ = {isa = PBXBuildFile; fileRef = DA241C7421B9B6BA00417C5A /* day16.swift */; };
		DA241CA221B9B6BA00417C5A /* day16.swift in Sources */ = {isa = PBXBuildFile; fileRef = DA241C7421B9B6BA00417C5A /* day16.swift */; };
		DAD346B9219B4C4200D0CEA8 /* constants.swift in Sources */ = {isa = PBXBuildFile; fileRef = DAD346B8219B4C4200D0CEA8 /* constants.swift */; };
		DAD346E4219B537400D0CEA8 /* day6.swift in Sources */ = {isa = PBXBuildFile; fileRef = DA180D9B2194FE9600D2470D /* day6.swift */; };
		DAD346E5219B537400D0CEA8 /* utils.swift in Sources */ = {isa = PBXBuildFile; fileRef = DA180D992194FCF400D2470D /* utils.swift */; };
		DAD346E6219B537400D0CEA8 /* constants.swift in Sources */ = {isa = PBXBuildFile; fileRef = DAD346B8219B4C4200D0CEA8 /* constants.swift */; };
		DAD346E7219B537400D0CEA8 /* auth.swift in Sources */ = {isa = PBXBuildFile; fileRef = DA180D972194FCE400D2470D /* auth.swift */; };
		DAD346ED219B53F200D0CEA8 /* AocTest.swift in Sources */ = {isa = PBXBuildFile; fileRef = DAD346EB219B53F200D0CEA8 /* AocTest.swift */; };
/* End PBXBuildFile section */

/* Begin PBXCopyFilesBuildPhase section */
		DA180D8B2194FC9300D2470D /* CopyFiles */ = {
			isa = PBXCopyFilesBuildPhase;
			buildActionMask = 2147483647;
			dstPath = /usr/share/man/man1/;
			dstSubfolderSpec = 0;
			files = (
			);
			runOnlyForDeploymentPostprocessing = 1;
		};
/* End PBXCopyFilesBuildPhase section */

/* Begin PBXFileReference section */
		DA180D8D2194FC9300D2470D /* AoC */ = {isa = PBXFileReference; explicitFileType = "compiled.mach-o.executable"; includeInIndex = 0; path = AoC; sourceTree = BUILT_PRODUCTS_DIR; };
		DA180D902194FC9300D2470D /* main.swift */ = {isa = PBXFileReference; lastKnownFileType = sourcecode.swift; path = main.swift; sourceTree = "<group>"; };
		DA180D972194FCE400D2470D /* auth.swift */ = {isa = PBXFileReference; lastKnownFileType = sourcecode.swift; path = auth.swift; sourceTree = "<group>"; };
		DA180D992194FCF400D2470D /* utils.swift */ = {isa = PBXFileReference; lastKnownFileType = sourcecode.swift; path = utils.swift; sourceTree = "<group>"; };
		DA180D9B2194FE9600D2470D /* day6.swift */ = {isa = PBXFileReference; lastKnownFileType = sourcecode.swift; path = day6.swift; sourceTree = "<group>"; };
		DA241C5B21B9B4AD00417C5A /* day5.swift */ = {isa = PBXFileReference; lastKnownFileType = sourcecode.swift; path = day5.swift; sourceTree = "<group>"; };
		DA241C5E21B9B6B900417C5A /* day13.swift */ = {isa = PBXFileReference; fileEncoding = 4; lastKnownFileType = sourcecode.swift; path = day13.swift; sourceTree = "<group>"; };
		DA241C5F21B9B6B900417C5A /* day19.swift */ = {isa = PBXFileReference; fileEncoding = 4; lastKnownFileType = sourcecode.swift; path = day19.swift; sourceTree = "<group>"; };
		DA241C6021B9B6B900417C5A /* day18.swift */ = {isa = PBXFileReference; fileEncoding = 4; lastKnownFileType = sourcecode.swift; path = day18.swift; sourceTree = "<group>"; };
		DA241C6121B9B6B900417C5A /* day21.swift */ = {isa = PBXFileReference; fileEncoding = 4; lastKnownFileType = sourcecode.swift; path = day21.swift; sourceTree = "<group>"; };
		DA241C6221B9B6B900417C5A /* day14.swift */ = {isa = PBXFileReference; fileEncoding = 4; lastKnownFileType = sourcecode.swift; path = day14.swift; sourceTree = "<group>"; };
		DA241C6321B9B6B900417C5A /* day3.swift */ = {isa = PBXFileReference; fileEncoding = 4; lastKnownFileType = sourcecode.swift; path = day3.swift; sourceTree = "<group>"; };
		DA241C6421B9B6B900417C5A /* day23.swift */ = {isa = PBXFileReference; fileEncoding = 4; lastKnownFileType = sourcecode.swift; path = day23.swift; sourceTree = "<group>"; };
		DA241C6521B9B6B900417C5A /* day7.swift */ = {isa = PBXFileReference; fileEncoding = 4; lastKnownFileType = sourcecode.swift; path = day7.swift; sourceTree = "<group>"; };
		DA241C6621B9B6B900417C5A /* day24.swift */ = {isa = PBXFileReference; fileEncoding = 4; lastKnownFileType = sourcecode.swift; path = day24.swift; sourceTree = "<group>"; };
		DA241C6721B9B6B900417C5A /* day15.swift */ = {isa = PBXFileReference; fileEncoding = 4; lastKnownFileType = sourcecode.swift; path = day15.swift; sourceTree = "<group>"; };
		DA241C6821B9B6BA00417C5A /* day8.swift */ = {isa = PBXFileReference; fileEncoding = 4; lastKnownFileType = sourcecode.swift; path = day8.swift; sourceTree = "<group>"; };
		DA241C6921B9B6BA00417C5A /* day11.swift */ = {isa = PBXFileReference; fileEncoding = 4; lastKnownFileType = sourcecode.swift; path = day11.swift; sourceTree = "<group>"; };
		DA241C6A21B9B6BA00417C5A /* day1.swift */ = {isa = PBXFileReference; fileEncoding = 4; lastKnownFileType = sourcecode.swift; path = day1.swift; sourceTree = "<group>"; };
		DA241C6B21B9B6BA00417C5A /* day4.swift */ = {isa = PBXFileReference; fileEncoding = 4; lastKnownFileType = sourcecode.swift; path = day4.swift; sourceTree = "<group>"; };
		DA241C6C21B9B6BA00417C5A /* day9.swift */ = {isa = PBXFileReference; fileEncoding = 4; lastKnownFileType = sourcecode.swift; path = day9.swift; sourceTree = "<group>"; };
		DA241C6D21B9B6BA00417C5A /* day17.swift */ = {isa = PBXFileReference; fileEncoding = 4; lastKnownFileType = sourcecode.swift; path = day17.swift; sourceTree = "<group>"; };
		DA241C6E21B9B6BA00417C5A /* day20.swift */ = {isa = PBXFileReference; fileEncoding = 4; lastKnownFileType = sourcecode.swift; path = day20.swift; sourceTree = "<group>"; };
		DA241C6F21B9B6BA00417C5A /* day22.swift */ = {isa = PBXFileReference; fileEncoding = 4; lastKnownFileType = sourcecode.swift; path = day22.swift; sourceTree = "<group>"; };
		DA241C7021B9B6BA00417C5A /* day12.swift */ = {isa = PBXFileReference; fileEncoding = 4; lastKnownFileType = sourcecode.swift; path = day12.swift; sourceTree = "<group>"; };
		DA241C7121B9B6BA00417C5A /* day10.swift */ = {isa = PBXFileReference; fileEncoding = 4; lastKnownFileType = sourcecode.swift; path = day10.swift; sourceTree = "<group>"; };
		DA241C7221B9B6BA00417C5A /* day25.swift */ = {isa = PBXFileReference; fileEncoding = 4; lastKnownFileType = sourcecode.swift; path = day25.swift; sourceTree = "<group>"; };
		DA241C7321B9B6BA00417C5A /* day2.swift */ = {isa = PBXFileReference; fileEncoding = 4; lastKnownFileType = sourcecode.swift; path = day2.swift; sourceTree = "<group>"; };
		DA241C7421B9B6BA00417C5A /* day16.swift */ = {isa = PBXFileReference; fileEncoding = 4; lastKnownFileType = sourcecode.swift; path = day16.swift; sourceTree = "<group>"; };
		DAD346B8219B4C4200D0CEA8 /* constants.swift */ = {isa = PBXFileReference; lastKnownFileType = sourcecode.swift; path = constants.swift; sourceTree = "<group>"; };
		DAD346DC219B533F00D0CEA8 /* AocTest.xctest */ = {isa = PBXFileReference; explicitFileType = wrapper.cfbundle; includeInIndex = 0; path = AocTest.xctest; sourceTree = BUILT_PRODUCTS_DIR; };
		DAD346EB219B53F200D0CEA8 /* AocTest.swift */ = {isa = PBXFileReference; fileEncoding = 4; lastKnownFileType = sourcecode.swift; path = AocTest.swift; sourceTree = "<group>"; };
		DAD346EC219B53F200D0CEA8 /* Info.plist */ = {isa = PBXFileReference; fileEncoding = 4; lastKnownFileType = text.plist.xml; path = Info.plist; sourceTree = "<group>"; };
/* End PBXFileReference section */

/* Begin PBXFrameworksBuildPhase section */
		DA180D8A2194FC9300D2470D /* Frameworks */ = {
			isa = PBXFrameworksBuildPhase;
			buildActionMask = 2147483647;
			files = (
			);
			runOnlyForDeploymentPostprocessing = 0;
		};
		DAD346D9219B533F00D0CEA8 /* Frameworks */ = {
			isa = PBXFrameworksBuildPhase;
			buildActionMask = 2147483647;
			files = (
			);
			runOnlyForDeploymentPostprocessing = 0;
		};
/* End PBXFrameworksBuildPhase section */

/* Begin PBXGroup section */
		DA180D842194FC9300D2470D = {
			isa = PBXGroup;
			children = (
				DA180D8F2194FC9300D2470D /* AoC */,
				DAD346EA219B53F200D0CEA8 /* AocTest */,
				DA180D8E2194FC9300D2470D /* Products */,
			);
			sourceTree = "<group>";
		};
		DA180D8E2194FC9300D2470D /* Products */ = {
			isa = PBXGroup;
			children = (
				DA180D8D2194FC9300D2470D /* AoC */,
				DAD346DC219B533F00D0CEA8 /* AocTest.xctest */,
			);
			name = Products;
			sourceTree = "<group>";
		};
		DA180D8F2194FC9300D2470D /* AoC */ = {
			isa = PBXGroup;
			children = (
				DA241C5A21B9B2C000417C5A /* problems */,
				DA180D992194FCF400D2470D /* utils.swift */,
				DA180D902194FC9300D2470D /* main.swift */,
				DAD346B8219B4C4200D0CEA8 /* constants.swift */,
				DA180D972194FCE400D2470D /* auth.swift */,
			);
			path = AoC;
			sourceTree = "<group>";
		};
		DA241C5A21B9B2C000417C5A /* problems */ = {
			isa = PBXGroup;
			children = (
				DA241C6A21B9B6BA00417C5A /* day1.swift */,
				DA241C7321B9B6BA00417C5A /* day2.swift */,
				DA241C6321B9B6B900417C5A /* day3.swift */,
				DA241C6B21B9B6BA00417C5A /* day4.swift */,
				DA241C5B21B9B4AD00417C5A /* day5.swift */,
				DA180D9B2194FE9600D2470D /* day6.swift */,
				DA241C6521B9B6B900417C5A /* day7.swift */,
				DA241C6821B9B6BA00417C5A /* day8.swift */,
				DA241C6C21B9B6BA00417C5A /* day9.swift */,
				DA241C7121B9B6BA00417C5A /* day10.swift */,
				DA241C6921B9B6BA00417C5A /* day11.swift */,
				DA241C7021B9B6BA00417C5A /* day12.swift */,
				DA241C5E21B9B6B900417C5A /* day13.swift */,
				DA241C6221B9B6B900417C5A /* day14.swift */,
				DA241C6721B9B6B900417C5A /* day15.swift */,
				DA241C7421B9B6BA00417C5A /* day16.swift */,
				DA241C6D21B9B6BA00417C5A /* day17.swift */,
				DA241C6021B9B6B900417C5A /* day18.swift */,
				DA241C5F21B9B6B900417C5A /* day19.swift */,
				DA241C6E21B9B6BA00417C5A /* day20.swift */,
				DA241C6121B9B6B900417C5A /* day21.swift */,
				DA241C6F21B9B6BA00417C5A /* day22.swift */,
				DA241C6421B9B6B900417C5A /* day23.swift */,
				DA241C6621B9B6B900417C5A /* day24.swift */,
				DA241C7221B9B6BA00417C5A /* day25.swift */,
			);
			path = problems;
			sourceTree = "<group>";
		};
		DAD346EA219B53F200D0CEA8 /* AocTest */ = {
			isa = PBXGroup;
			children = (
				DAD346EB219B53F200D0CEA8 /* AocTest.swift */,
				DAD346EC219B53F200D0CEA8 /* Info.plist */,
			);
			path = AocTest;
			sourceTree = "<group>";
		};
/* End PBXGroup section */

/* Begin PBXNativeTarget section */
		DA180D8C2194FC9300D2470D /* AoC */ = {
			isa = PBXNativeTarget;
			buildConfigurationList = DA180D942194FC9300D2470D /* Build configuration list for PBXNativeTarget "AoC" */;
			buildPhases = (
				DA180D892194FC9300D2470D /* Sources */,
				DA180D8A2194FC9300D2470D /* Frameworks */,
				DA180D8B2194FC9300D2470D /* CopyFiles */,
			);
			buildRules = (
			);
			dependencies = (
			);
			name = AoC;
			productName = AoC;
			productReference = DA180D8D2194FC9300D2470D /* AoC */;
			productType = "com.apple.product-type.tool";
		};
		DAD346DB219B533F00D0CEA8 /* AocTest */ = {
			isa = PBXNativeTarget;
			buildConfigurationList = DAD346E3219B533F00D0CEA8 /* Build configuration list for PBXNativeTarget "AocTest" */;
			buildPhases = (
				DAD346D8219B533F00D0CEA8 /* Sources */,
				DAD346D9219B533F00D0CEA8 /* Frameworks */,
				DAD346DA219B533F00D0CEA8 /* Resources */,
			);
			buildRules = (
			);
			dependencies = (
			);
			name = AocTest;
			productName = AocTest;
			productReference = DAD346DC219B533F00D0CEA8 /* AocTest.xctest */;
			productType = "com.apple.product-type.bundle.unit-test";
		};
/* End PBXNativeTarget section */

/* Begin PBXProject section */
		DA180D852194FC9300D2470D /* Project object */ = {
			isa = PBXProject;
			attributes = {
				LastSwiftUpdateCheck = 1010;
				LastUpgradeCheck = 1010;
				TargetAttributes = {
					DA180D8C2194FC9300D2470D = {
						CreatedOnToolsVersion = 10.1;
					};
					DAD346DB219B533F00D0CEA8 = {
						CreatedOnToolsVersion = 10.1;
					};
				};
			};
			buildConfigurationList = DA180D882194FC9300D2470D /* Build configuration list for PBXProject "AoC" */;
			compatibilityVersion = "Xcode 9.3";
			developmentRegion = en;
			hasScannedForEncodings = 0;
			knownRegions = (
				en,
			);
			mainGroup = DA180D842194FC9300D2470D;
			productRefGroup = DA180D8E2194FC9300D2470D /* Products */;
			projectDirPath = "";
			projectRoot = "";
			targets = (
				DA180D8C2194FC9300D2470D /* AoC */,
				DAD346DB219B533F00D0CEA8 /* AocTest */,
			);
		};
/* End PBXProject section */

/* Begin PBXResourcesBuildPhase section */
		DAD346DA219B533F00D0CEA8 /* Resources */ = {
			isa = PBXResourcesBuildPhase;
			buildActionMask = 2147483647;
			files = (
			);
			runOnlyForDeploymentPostprocessing = 0;
		};
/* End PBXResourcesBuildPhase section */

/* Begin PBXSourcesBuildPhase section */
		DA180D892194FC9300D2470D /* Sources */ = {
			isa = PBXSourcesBuildPhase;
			buildActionMask = 2147483647;
			files = (
				DA241C8321B9B6BA00417C5A /* day7.swift in Sources */,
				DA241C9F21B9B6BA00417C5A /* day2.swift in Sources */,
				DA241C9121B9B6BA00417C5A /* day9.swift in Sources */,
				DA241C7D21B9B6BA00417C5A /* day14.swift in Sources */,
				DA180D9A2194FCF400D2470D /* utils.swift in Sources */,
				DA241C8F21B9B6BA00417C5A /* day4.swift in Sources */,
				DA180D9C2194FE9600D2470D /* day6.swift in Sources */,
				DA180D982194FCE400D2470D /* auth.swift in Sources */,
				DAD346B9219B4C4200D0CEA8 /* constants.swift in Sources */,
				DA241C9721B9B6BA00417C5A /* day22.swift in Sources */,
				DA241C5C21B9B4AD00417C5A /* day5.swift in Sources */,
				DA241C7B21B9B6BA00417C5A /* day21.swift in Sources */,
				DA241C8B21B9B6BA00417C5A /* day11.swift in Sources */,
				DA241C8521B9B6BA00417C5A /* day24.swift in Sources */,
				DA241C9521B9B6BA00417C5A /* day20.swift in Sources */,
				DA241C9D21B9B6BA00417C5A /* day25.swift in Sources */,
				DA241C7921B9B6BA00417C5A /* day18.swift in Sources */,
				DA241C8921B9B6BA00417C5A /* day8.swift in Sources */,
				DA241C9321B9B6BA00417C5A /* day17.swift in Sources */,
				DA241C9B21B9B6BA00417C5A /* day10.swift in Sources */,
				DA241CA121B9B6BA00417C5A /* day16.swift in Sources */,
				DA241C8721B9B6BA00417C5A /* day15.swift in Sources */,
				DA241C7521B9B6BA00417C5A /* day13.swift in Sources */,
				DA241C7721B9B6BA00417C5A /* day19.swift in Sources */,
				DA241C7F21B9B6BA00417C5A /* day3.swift in Sources */,
				DA241C9921B9B6BA00417C5A /* day12.swift in Sources */,
				DA241C8121B9B6BA00417C5A /* day23.swift in Sources */,
				DA241C8D21B9B6BA00417C5A /* day1.swift in Sources */,
				DA180D912194FC9300D2470D /* main.swift in Sources */,
			);
			runOnlyForDeploymentPostprocessing = 0;
		};
		DAD346D8219B533F00D0CEA8 /* Sources */ = {
			isa = PBXSourcesBuildPhase;
			buildActionMask = 2147483647;
			files = (
				DA241C8421B9B6BA00417C5A /* day7.swift in Sources */,
				DA241CA021B9B6BA00417C5A /* day2.swift in Sources */,
				DA241C9221B9B6BA00417C5A /* day9.swift in Sources */,
				DA241C7E21B9B6BA00417C5A /* day14.swift in Sources */,
				DAD346E5219B537400D0CEA8 /* utils.swift in Sources */,
				DA241C9021B9B6BA00417C5A /* day4.swift in Sources */,
				DAD346E7219B537400D0CEA8 /* auth.swift in Sources */,
				DAD346ED219B53F200D0CEA8 /* AocTest.swift in Sources */,
				DAD346E4219B537400D0CEA8 /* day6.swift in Sources */,
				DA241C9821B9B6BA00417C5A /* day22.swift in Sources */,
				DA241C5D21B9B4AD00417C5A /* day5.swift in Sources */,
				DA241C7C21B9B6BA00417C5A /* day21.swift in Sources */,
				DA241C8C21B9B6BA00417C5A /* day11.swift in Sources */,
				DA241C8621B9B6BA00417C5A /* day24.swift in Sources */,
				DA241C9621B9B6BA00417C5A /* day20.swift in Sources */,
				DA241C9E21B9B6BA00417C5A /* day25.swift in Sources */,
				DA241C7A21B9B6BA00417C5A /* day18.swift in Sources */,
				DA241C8A21B9B6BA00417C5A /* day8.swift in Sources */,
				DA241C9421B9B6BA00417C5A /* day17.swift in Sources */,
				DA241C9C21B9B6BA00417C5A /* day10.swift in Sources */,
				DA241CA221B9B6BA00417C5A /* day16.swift in Sources */,
				DA241C8821B9B6BA00417C5A /* day15.swift in Sources */,
				DA241C7621B9B6BA00417C5A /* day13.swift in Sources */,
				DA241C7821B9B6BA00417C5A /* day19.swift in Sources */,
				DA241C8021B9B6BA00417C5A /* day3.swift in Sources */,
				DA241C9A21B9B6BA00417C5A /* day12.swift in Sources */,
				DA241C8221B9B6BA00417C5A /* day23.swift in Sources */,
				DA241C8E21B9B6BA00417C5A /* day1.swift in Sources */,
				DAD346E6219B537400D0CEA8 /* constants.swift in Sources */,
			);
			runOnlyForDeploymentPostprocessing = 0;
		};
/* End PBXSourcesBuildPhase section */

/* Begin XCBuildConfiguration section */
		DA180D922194FC9300D2470D /* Debug */ = {
			isa = XCBuildConfiguration;
			buildSettings = {
				ALWAYS_SEARCH_USER_PATHS = NO;
				CLANG_ANALYZER_NONNULL = YES;
				CLANG_ANALYZER_NUMBER_OBJECT_CONVERSION = YES_AGGRESSIVE;
				CLANG_CXX_LANGUAGE_STANDARD = "gnu++14";
				CLANG_CXX_LIBRARY = "libc++";
				CLANG_ENABLE_MODULES = YES;
				CLANG_ENABLE_OBJC_ARC = YES;
				CLANG_ENABLE_OBJC_WEAK = YES;
				CLANG_WARN_BLOCK_CAPTURE_AUTORELEASING = YES;
				CLANG_WARN_BOOL_CONVERSION = YES;
				CLANG_WARN_COMMA = YES;
				CLANG_WARN_CONSTANT_CONVERSION = YES;
				CLANG_WARN_DEPRECATED_OBJC_IMPLEMENTATIONS = YES;
				CLANG_WARN_DIRECT_OBJC_ISA_USAGE = YES_ERROR;
				CLANG_WARN_DOCUMENTATION_COMMENTS = YES;
				CLANG_WARN_EMPTY_BODY = YES;
				CLANG_WARN_ENUM_CONVERSION = YES;
				CLANG_WARN_INFINITE_RECURSION = YES;
				CLANG_WARN_INT_CONVERSION = YES;
				CLANG_WARN_NON_LITERAL_NULL_CONVERSION = YES;
				CLANG_WARN_OBJC_IMPLICIT_RETAIN_SELF = YES;
				CLANG_WARN_OBJC_LITERAL_CONVERSION = YES;
				CLANG_WARN_OBJC_ROOT_CLASS = YES_ERROR;
				CLANG_WARN_RANGE_LOOP_ANALYSIS = YES;
				CLANG_WARN_STRICT_PROTOTYPES = YES;
				CLANG_WARN_SUSPICIOUS_MOVE = YES;
				CLANG_WARN_UNGUARDED_AVAILABILITY = YES_AGGRESSIVE;
				CLANG_WARN_UNREACHABLE_CODE = YES;
				CLANG_WARN__DUPLICATE_METHOD_MATCH = YES;
				CODE_SIGN_IDENTITY = "-";
				COPY_PHASE_STRIP = NO;
				DEBUG_INFORMATION_FORMAT = dwarf;
				ENABLE_STRICT_OBJC_MSGSEND = YES;
				ENABLE_TESTABILITY = YES;
				GCC_C_LANGUAGE_STANDARD = gnu11;
				GCC_DYNAMIC_NO_PIC = NO;
				GCC_NO_COMMON_BLOCKS = YES;
				GCC_OPTIMIZATION_LEVEL = 0;
				GCC_PREPROCESSOR_DEFINITIONS = (
					"DEBUG=1",
					"$(inherited)",
				);
				GCC_WARN_64_TO_32_BIT_CONVERSION = YES;
				GCC_WARN_ABOUT_RETURN_TYPE = YES_ERROR;
				GCC_WARN_UNDECLARED_SELECTOR = YES;
				GCC_WARN_UNINITIALIZED_AUTOS = YES_AGGRESSIVE;
				GCC_WARN_UNUSED_FUNCTION = YES;
				GCC_WARN_UNUSED_VARIABLE = YES;
				MACOSX_DEPLOYMENT_TARGET = 10.14;
				MTL_ENABLE_DEBUG_INFO = INCLUDE_SOURCE;
				MTL_FAST_MATH = YES;
				ONLY_ACTIVE_ARCH = YES;
				SDKROOT = macosx;
				SWIFT_ACTIVE_COMPILATION_CONDITIONS = DEBUG;
				SWIFT_OPTIMIZATION_LEVEL = "-Onone";
			};
			name = Debug;
		};
		DA180D932194FC9300D2470D /* Release */ = {
			isa = XCBuildConfiguration;
			buildSettings = {
				ALWAYS_SEARCH_USER_PATHS = NO;
				CLANG_ANALYZER_NONNULL = YES;
				CLANG_ANALYZER_NUMBER_OBJECT_CONVERSION = YES_AGGRESSIVE;
				CLANG_CXX_LANGUAGE_STANDARD = "gnu++14";
				CLANG_CXX_LIBRARY = "libc++";
				CLANG_ENABLE_MODULES = YES;
				CLANG_ENABLE_OBJC_ARC = YES;
				CLANG_ENABLE_OBJC_WEAK = YES;
				CLANG_WARN_BLOCK_CAPTURE_AUTORELEASING = YES;
				CLANG_WARN_BOOL_CONVERSION = YES;
				CLANG_WARN_COMMA = YES;
				CLANG_WARN_CONSTANT_CONVERSION = YES;
				CLANG_WARN_DEPRECATED_OBJC_IMPLEMENTATIONS = YES;
				CLANG_WARN_DIRECT_OBJC_ISA_USAGE = YES_ERROR;
				CLANG_WARN_DOCUMENTATION_COMMENTS = YES;
				CLANG_WARN_EMPTY_BODY = YES;
				CLANG_WARN_ENUM_CONVERSION = YES;
				CLANG_WARN_INFINITE_RECURSION = YES;
				CLANG_WARN_INT_CONVERSION = YES;
				CLANG_WARN_NON_LITERAL_NULL_CONVERSION = YES;
				CLANG_WARN_OBJC_IMPLICIT_RETAIN_SELF = YES;
				CLANG_WARN_OBJC_LITERAL_CONVERSION = YES;
				CLANG_WARN_OBJC_ROOT_CLASS = YES_ERROR;
				CLANG_WARN_RANGE_LOOP_ANALYSIS = YES;
				CLANG_WARN_STRICT_PROTOTYPES = YES;
				CLANG_WARN_SUSPICIOUS_MOVE = YES;
				CLANG_WARN_UNGUARDED_AVAILABILITY = YES_AGGRESSIVE;
				CLANG_WARN_UNREACHABLE_CODE = YES;
				CLANG_WARN__DUPLICATE_METHOD_MATCH = YES;
				CODE_SIGN_IDENTITY = "-";
				COPY_PHASE_STRIP = NO;
				DEBUG_INFORMATION_FORMAT = "dwarf-with-dsym";
				ENABLE_NS_ASSERTIONS = NO;
				ENABLE_STRICT_OBJC_MSGSEND = YES;
				GCC_C_LANGUAGE_STANDARD = gnu11;
				GCC_NO_COMMON_BLOCKS = YES;
				GCC_WARN_64_TO_32_BIT_CONVERSION = YES;
				GCC_WARN_ABOUT_RETURN_TYPE = YES_ERROR;
				GCC_WARN_UNDECLARED_SELECTOR = YES;
				GCC_WARN_UNINITIALIZED_AUTOS = YES_AGGRESSIVE;
				GCC_WARN_UNUSED_FUNCTION = YES;
				GCC_WARN_UNUSED_VARIABLE = YES;
				MACOSX_DEPLOYMENT_TARGET = 10.14;
				MTL_ENABLE_DEBUG_INFO = NO;
				MTL_FAST_MATH = YES;
				SDKROOT = macosx;
				SWIFT_COMPILATION_MODE = wholemodule;
				SWIFT_OPTIMIZATION_LEVEL = "-O";
			};
			name = Release;
		};
		DA180D952194FC9300D2470D /* Debug */ = {
			isa = XCBuildConfiguration;
			buildSettings = {
				CODE_SIGN_STYLE = Automatic;
				PRODUCT_NAME = "$(TARGET_NAME)";
				SWIFT_VERSION = 4.2;
			};
			name = Debug;
		};
		DA180D962194FC9300D2470D /* Release */ = {
			isa = XCBuildConfiguration;
			buildSettings = {
				CODE_SIGN_STYLE = Automatic;
				PRODUCT_NAME = "$(TARGET_NAME)";
				SWIFT_VERSION = 4.2;
			};
			name = Release;
		};
		DAD346E1219B533F00D0CEA8 /* Debug */ = {
			isa = XCBuildConfiguration;
			buildSettings = {
				CODE_SIGN_STYLE = Automatic;
				COMBINE_HIDPI_IMAGES = YES;
				INFOPLIST_FILE = AocTest/Info.plist;
				LD_RUNPATH_SEARCH_PATHS = (
					"$(inherited)",
					"@executable_path/../Frameworks",
					"@loader_path/../Frameworks",
				);
				PRODUCT_BUNDLE_IDENTIFIER = pwxn.AocTest;
				PRODUCT_NAME = "$(TARGET_NAME)";
				SWIFT_VERSION = 4.2;
			};
			name = Debug;
		};
		DAD346E2219B533F00D0CEA8 /* Release */ = {
			isa = XCBuildConfiguration;
			buildSettings = {
				CODE_SIGN_STYLE = Automatic;
				COMBINE_HIDPI_IMAGES = YES;
				INFOPLIST_FILE = AocTest/Info.plist;
				LD_RUNPATH_SEARCH_PATHS = (
					"$(inherited)",
					"@executable_path/../Frameworks",
					"@loader_path/../Frameworks",
				);
				PRODUCT_BUNDLE_IDENTIFIER = pwxn.AocTest;
				PRODUCT_NAME = "$(TARGET_NAME)";
				SWIFT_VERSION = 4.2;
			};
			name = Release;
		};
/* End XCBuildConfiguration section */

/* Begin XCConfigurationList section */
		DA180D882194FC9300D2470D /* Build configuration list for PBXProject "AoC" */ = {
			isa = XCConfigurationList;
			buildConfigurations = (
				DA180D922194FC9300D2470D /* Debug */,
				DA180D932194FC9300D2470D /* Release */,
			);
			defaultConfigurationIsVisible = 0;
			defaultConfigurationName = Release;
		};
		DA180D942194FC9300D2470D /* Build configuration list for PBXNativeTarget "AoC" */ = {
			isa = XCConfigurationList;
			buildConfigurations = (
				DA180D952194FC9300D2470D /* Debug */,
				DA180D962194FC9300D2470D /* Release */,
			);
			defaultConfigurationIsVisible = 0;
			defaultConfigurationName = Release;
		};
		DAD346E3219B533F00D0CEA8 /* Build configuration list for PBXNativeTarget "AocTest" */ = {
			isa = XCConfigurationList;
			buildConfigurations = (
				DAD346E1219B533F00D0CEA8 /* Debug */,
				DAD346E2219B533F00D0CEA8 /* Release */,
			);
			defaultConfigurationIsVisible = 0;
			defaultConfigurationName = Release;
		};
/* End XCConfigurationList section */
	};
	rootObject = DA180D852194FC9300D2470D /* Project object */;
}
